
Microsoft Visual Studio Solution File, Format Version 12.00
# Visual Studio Version 16
VisualStudioVersion = 16.0.29728.190
MinimumVisualStudioVersion = 10.0.40219.1
Project("{FAE04EC0-301F-11D3-BF4B-00C04F79EFBC}") = "CP_ParallelPipesForm", "CP_ParallelPipesForm\CP_ParallelPipesForm.csproj", "{B4BDF799-484B-47B7-935A-EB36DAA646BB}"
EndProject
Global
	GlobalSection(SolutionConfigurationPlatforms) = preSolution
		Debug|Any CPU = Debug|Any CPU
		Release|Any CPU = Release|Any CPU
	EndGlobalSection
	GlobalSection(ProjectConfigurationPlatforms) = postSolution
		{B4BDF799-484B-47B7-935A-EB36DAA646BB}.Debug|Any CPU.ActiveCfg = Debug|Any CPU
		{B4BDF799-484B-47B7-935A-EB36DAA646BB}.Debug|Any CPU.Build.0 = Debug|Any CPU
		{B4BDF799-484B-47B7-935A-EB36DAA646BB}.Release|Any CPU.ActiveCfg = Release|Any CPU
		{B4BDF799-484B-47B7-935A-EB36DAA646BB}.Release|Any CPU.Build.0 = Release|Any CPU
	EndGlobalSection
	GlobalSection(SolutionProperties) = preSolution
		HideSolutionNode = FALSE
	EndGlobalSection
	GlobalSection(ExtensibilityGlobals) = postSolution
		SolutionGuid = {E5EF8235-6B12-4D7B-9218-9A0B0D0E3D91}
	EndGlobalSection
EndGlobal
